
Microsoft Visual Studio Solution File, Format Version 12.00
# Visual Studio Version 17
VisualStudioVersion = 17.11.35327.3
MinimumVisualStudioVersion = 10.0.40219.1
Project("{FAE04EC0-301F-11D3-BF4B-00C04F79EFBC}") = "StringLibrary", "StringLibrary\StringLibrary.csproj", "{7DA619FB-2533-4C8A-97CB-198F5506B008}"
EndProject
Project("{FAE04EC0-301F-11D3-BF4B-00C04F79EFBC}") = "ShowCase", "ShowCase\ShowCase.csproj", "{DB9C04B7-5FBE-45B0-8EA1-6CEDB0D4FCCA}"
EndProject
Global
	GlobalSection(SolutionConfigurationPlatforms) = preSolution
		Debug|Any CPU = Debug|Any CPU
		Release|Any CPU = Release|Any CPU
	EndGlobalSection
	GlobalSection(ProjectConfigurationPlatforms) = postSolution
		{7DA619FB-2533-4C8A-97CB-198F5506B008}.Debug|Any CPU.ActiveCfg = Debug|Any CPU
		{7DA619FB-2533-4C8A-97CB-198F5506B008}.Debug|Any CPU.Build.0 = Debug|Any CPU
		{7DA619FB-2533-4C8A-97CB-198F5506B008}.Release|Any CPU.ActiveCfg = Release|Any CPU
		{7DA619FB-2533-4C8A-97CB-198F5506B008}.Release|Any CPU.Build.0 = Release|Any CPU
		{DB9C04B7-5FBE-45B0-8EA1-6CEDB0D4FCCA}.Debug|Any CPU.ActiveCfg = Debug|Any CPU
		{DB9C04B7-5FBE-45B0-8EA1-6CEDB0D4FCCA}.Debug|Any CPU.Build.0 = Debug|Any CPU
		{DB9C04B7-5FBE-45B0-8EA1-6CEDB0D4FCCA}.Release|Any CPU.ActiveCfg = Release|Any CPU
		{DB9C04B7-5FBE-45B0-8EA1-6CEDB0D4FCCA}.Release|Any CPU.Build.0 = Release|Any CPU
	EndGlobalSection
	GlobalSection(SolutionProperties) = preSolution
		HideSolutionNode = FALSE
	EndGlobalSection
	GlobalSection(ExtensibilityGlobals) = postSolution
		SolutionGuid = {30423030-EE34-4240-90E9-0ECC0B0858C3}
	EndGlobalSection
EndGlobal
